
Microsoft Visual Studio Solution File, Format Version 12.00
# Visual Studio Version 16
VisualStudioVersion = 16.0.29613.14
MinimumVisualStudioVersion = 10.0.40219.1
Project("{FAE04EC0-301F-11D3-BF4B-00C04F79EFBC}") = "HymneALaBouffe", "HymneALaBouffe.csproj", "{D5F90695-E92C-4962-A844-D4DA8B264D56}"
EndProject
Project("{FAE04EC0-301F-11D3-BF4B-00C04F79EFBC}") = "HymneALaBouffe.CoreBusiness", "..\HymneALaBouffe.CoreBusiness\HymneALaBouffe.CoreBusiness.csproj", "{B32B788C-8725-440B-ADB7-DB5BA9099038}"
EndProject
Project("{FAE04EC0-301F-11D3-BF4B-00C04F79EFBC}") = "HymneALaBouffe.Data", "..\HymnALaBouffe.Data\HymneALaBouffe.Data.csproj", "{9D6F5E90-B9D8-416B-9871-227B8A445EBC}"
EndProject
Global
	GlobalSection(SolutionConfigurationPlatforms) = preSolution
		Debug|Any CPU = Debug|Any CPU
		Release|Any CPU = Release|Any CPU
	EndGlobalSection
	GlobalSection(ProjectConfigurationPlatforms) = postSolution
		{D5F90695-E92C-4962-A844-D4DA8B264D56}.Debug|Any CPU.ActiveCfg = Debug|Any CPU
		{D5F90695-E92C-4962-A844-D4DA8B264D56}.Debug|Any CPU.Build.0 = Debug|Any CPU
		{D5F90695-E92C-4962-A844-D4DA8B264D56}.Release|Any CPU.ActiveCfg = Release|Any CPU
		{D5F90695-E92C-4962-A844-D4DA8B264D56}.Release|Any CPU.Build.0 = Release|Any CPU
		{B32B788C-8725-440B-ADB7-DB5BA9099038}.Debug|Any CPU.ActiveCfg = Debug|Any CPU
		{B32B788C-8725-440B-ADB7-DB5BA9099038}.Debug|Any CPU.Build.0 = Debug|Any CPU
		{B32B788C-8725-440B-ADB7-DB5BA9099038}.Release|Any CPU.ActiveCfg = Release|Any CPU
		{B32B788C-8725-440B-ADB7-DB5BA9099038}.Release|Any CPU.Build.0 = Release|Any CPU
		{9D6F5E90-B9D8-416B-9871-227B8A445EBC}.Debug|Any CPU.ActiveCfg = Debug|Any CPU
		{9D6F5E90-B9D8-416B-9871-227B8A445EBC}.Debug|Any CPU.Build.0 = Debug|Any CPU
		{9D6F5E90-B9D8-416B-9871-227B8A445EBC}.Release|Any CPU.ActiveCfg = Release|Any CPU
		{9D6F5E90-B9D8-416B-9871-227B8A445EBC}.Release|Any CPU.Build.0 = Release|Any CPU
	EndGlobalSection
	GlobalSection(SolutionProperties) = preSolution
		HideSolutionNode = FALSE
	EndGlobalSection
	GlobalSection(ExtensibilityGlobals) = postSolution
		SolutionGuid = {479A19EB-2708-4944-BB8B-2A2FF960034F}
	EndGlobalSection
EndGlobal
